#MicroXplorer Configuration settings - do not modify
CAD.formats=
CAD.pinconfig=
CAD.provider=
File.Version=6
KeepUserPlacement=false
Mcu.CPN=STM32F446RET6
Mcu.Family=STM32F4
Mcu.IP0=NVIC
Mcu.IP1=RCC
Mcu.IP2=SPI1
Mcu.IP3=SYS
Mcu.IP4=TIM1
Mcu.IP5=TIM2
Mcu.IP6=USART2
Mcu.IP7=USB_OTG_FS
Mcu.IPNb=8
Mcu.Name=STM32F446R(C-E)Tx
Mcu.Package=LQFP64
Mcu.Pin0=PC1
Mcu.Pin1=PC2
Mcu.Pin10=PA10
Mcu.Pin11=PA11
Mcu.Pin12=PA12
Mcu.Pin13=PA13
Mcu.Pin14=PA14
Mcu.Pin15=PC10
Mcu.Pin16=PC12
Mcu.Pin17=PB3
Mcu.Pin18=PB5
Mcu.Pin19=PB6
Mcu.Pin2=PA0-WKUP
Mcu.Pin20=VP_SYS_VS_Systick
Mcu.Pin3=PA2
Mcu.Pin4=PA3
Mcu.Pin5=PA5
Mcu.Pin6=PA6
Mcu.Pin7=PA7
Mcu.Pin8=PC4
Mcu.Pin9=PA8
Mcu.PinsNb=21
Mcu.ThirdPartyNb=0
Mcu.UserConstants=
Mcu.UserName=STM32F446RETx
MxCube.Version=6.14.1
MxDb.Version=DB.6.0.141
NVIC.BusFault_IRQn=true\:0\:0\:false\:false\:true\:false\:false\:false
NVIC.DebugMonitor_IRQn=true\:0\:0\:false\:false\:true\:false\:false\:false
NVIC.ForceEnableDMAVector=true
NVIC.HardFault_IRQn=true\:0\:0\:false\:false\:true\:false\:false\:false
NVIC.MemoryManagement_IRQn=true\:0\:0\:false\:false\:true\:false\:false\:false
NVIC.NonMaskableInt_IRQn=true\:0\:0\:false\:false\:true\:false\:false\:false
NVIC.PendSV_IRQn=true\:0\:0\:false\:false\:true\:false\:false\:false
NVIC.PriorityGroup=NVIC_PRIORITYGROUP_4
NVIC.SVCall_IRQn=true\:0\:0\:false\:false\:true\:false\:false\:false
NVIC.SysTick_IRQn=true\:15\:0\:false\:false\:true\:false\:true\:false
NVIC.UsageFault_IRQn=true\:0\:0\:false\:false\:true\:false\:false\:false
PA0-WKUP.GPIOParameters=GPIO_Label
PA0-WKUP.GPIO_Label=Servo_CTRL
PA0-WKUP.Signal=S_TIM2_CH1_ETR
PA10.GPIOParameters=GPIO_Label
PA10.GPIO_Label=USB_Detect
PA10.Locked=true
PA10.Signal=GPIO_Input
PA11.Mode=Device_Only
PA11.Signal=USB_OTG_FS_DM
PA12.Mode=Device_Only
PA12.Signal=USB_OTG_FS_DP
PA13.Mode=Trace_Asynchronous_SW
PA13.Signal=SYS_JTMS-SWDIO
PA14.Mode=Trace_Asynchronous_SW
PA14.Signal=SYS_JTCK-SWCLK
PA2.Mode=Asynchronous
PA2.Signal=USART2_TX
PA3.Mode=Asynchronous
PA3.Signal=USART2_RX
PA5.Mode=Full_Duplex_Master
PA5.Signal=SPI1_SCK
PA6.Mode=Full_Duplex_Master
PA6.Signal=SPI1_MISO
PA7.Mode=Full_Duplex_Master
PA7.Signal=SPI1_MOSI
PA8.GPIOParameters=GPIO_Label
PA8.GPIO_Label=Buzzer
PA8.Signal=S_TIM1_CH1
PB3.Mode=Trace_Asynchronous_SW
PB3.Signal=SYS_JTDO-SWO
PB5.GPIOParameters=GPIO_Label
PB5.GPIO_Label=Fire_M
PB5.Locked=true
PB5.Signal=GPIO_Output
PB6.GPIOParameters=GPIO_Label
PB6.GPIO_Label=Fire_A
PB6.Locked=true
PB6.Signal=GPIO_Output
PC1.GPIOParameters=GPIO_Label
PC1.GPIO_Label=LED_1
PC1.Locked=true
PC1.Signal=GPIO_Output
PC10.GPIOParameters=GPIO_Label
PC10.GPIO_Label=Sense_M
PC10.Locked=true
PC10.Signal=GPIO_Input
PC12.GPIOParameters=GPIO_Label
PC12.GPIO_Label=Sense_Ap
PC12.Locked=true
PC12.Signal=GPIO_Input
PC2.GPIOParameters=GPIO_Label
PC2.GPIO_Label=LED_2
PC2.Locked=true
PC2.Signal=GPIO_Output
PC4.GPIOParameters=GPIO_Label
PC4.GPIO_Label=SPI1_CS
PC4.Locked=true
PC4.Signal=GPIO_Output
PinOutPanel.RotationAngle=0
ProjectManager.AskForMigrate=true
ProjectManager.BackupPrevious=false
ProjectManager.CompilerLinker=GCC
ProjectManager.CompilerOptimize=6
ProjectManager.ComputerToolchain=false
ProjectManager.CoupleFile=false
ProjectManager.CustomerFirmwarePackage=
ProjectManager.DefaultFWLocation=true
ProjectManager.DeletePrevious=true
ProjectManager.DeviceId=STM32F446RETx
ProjectManager.FirmwarePackage=STM32Cube FW_F4 V1.28.3
ProjectManager.FreePins=false
ProjectManager.HalAssertFull=false
ProjectManager.HeapSize=0x200
ProjectManager.KeepUserCode=true
ProjectManager.LastFirmware=true
ProjectManager.LibraryCopy=1
ProjectManager.MainLocation=Core/Src
ProjectManager.NoMain=false
ProjectManager.PreviousToolchain=
ProjectManager.ProjectBuild=false
ProjectManager.ProjectFileName=Bendigo_FC.ioc
ProjectManager.ProjectName=Bendigo_FC
ProjectManager.ProjectStructure=
ProjectManager.RegisterCallBack=
ProjectManager.StackSize=0x400
ProjectManager.TargetToolchain=STM32CubeIDE
ProjectManager.ToolChainLocation=
ProjectManager.UAScriptAfterPath=
ProjectManager.UAScriptBeforePath=
ProjectManager.UnderRoot=true
ProjectManager.functionlistsort=1-SystemClock_Config-RCC-false-HAL-false
RCC.CECFreq_Value=32786.88524590164
RCC.CortexFreq_Value=16000000
RCC.FamilyName=M
RCC.IPParameters=CECFreq_Value,CortexFreq_Value,FamilyName,PLLCLKFreq_Value,PLLI2SPCLKFreq_Value,PLLI2SQCLKFreq_Value,PLLI2SRCLKFreq_Value,PLLQCLKFreq_Value,PLLRCLKFreq_Value,PLLSAIPCLKFreq_Value,PLLSAIQCLKFreq_Value,PLLSourceVirtualString,SAIAFreq_Value,SAIBFreq_Value,SDIOFreq_Value,USBFreq_Value,VCOI2SInputFreq_Value,VCOI2SOutputFreq_Value,VCOInputFreq_Value,VCOOutputFreq_Value,VCOSAIInputFreq_Value,VCOSAIOutputFreq_Value
RCC.PLLCLKFreq_Value=96000000
RCC.PLLI2SPCLKFreq_Value=96000000
RCC.PLLI2SQCLKFreq_Value=96000000
RCC.PLLI2SRCLKFreq_Value=96000000
RCC.PLLQCLKFreq_Value=96000000
RCC.PLLRCLKFreq_Value=96000000
RCC.PLLSAIPCLKFreq_Value=96000000
RCC.PLLSAIQCLKFreq_Value=96000000
RCC.PLLSourceVirtualString=RCC_PLLSOURCE_HSI
RCC.SAIAFreq_Value=96000000
RCC.SAIBFreq_Value=96000000
RCC.SDIOFreq_Value=96000000
RCC.USBFreq_Value=96000000
RCC.VCOI2SInputFreq_Value=1000000
RCC.VCOI2SOutputFreq_Value=192000000
RCC.VCOInputFreq_Value=1000000
RCC.VCOOutputFreq_Value=192000000
RCC.VCOSAIInputFreq_Value=1000000
RCC.VCOSAIOutputFreq_Value=192000000
SH.S_TIM1_CH1.0=TIM1_CH1,PWM Generation1 CH1
SH.S_TIM1_CH1.ConfNb=1
SH.S_TIM2_CH1_ETR.0=TIM2_CH1,PWM Generation1 CH1
SH.S_TIM2_CH1_ETR.ConfNb=1
SPI1.CalculateBaudRate=8.0 MBits/s
SPI1.Direction=SPI_DIRECTION_2LINES
SPI1.IPParameters=VirtualType,Mode,Direction,CalculateBaudRate
SPI1.Mode=SPI_MODE_MASTER
SPI1.VirtualType=VM_MASTER
TIM1.Channel-PWM\ Generation1\ CH1=TIM_CHANNEL_1
TIM1.IPParameters=Channel-PWM Generation1 CH1
TIM2.Channel-PWM\ Generation1\ CH1=TIM_CHANNEL_1
TIM2.IPParameters=Channel-PWM Generation1 CH1
USART2.IPParameters=VirtualMode
USART2.VirtualMode=VM_ASYNC
USB_OTG_FS.IPParameters=VirtualMode
USB_OTG_FS.VirtualMode=Device_Only
VP_SYS_VS_Systick.Mode=SysTick
VP_SYS_VS_Systick.Signal=SYS_VS_Systick
board=custom
isbadioc=false
